
Microsoft Visual Studio Solution File, Format Version 12.00
# Visual Studio Version 17
VisualStudioVersion = 17.8.34511.84
MinimumVisualStudioVersion = 10.0.40219.1
Project("{FAE04EC0-301F-11D3-BF4B-00C04F79EFBC}") = "SortingAlgorithms", "SortingAlgorithms.csproj", "{492A2FC4-8B86-4A5B-A7A3-4C922CA9A02D}"
EndProject
Global
	GlobalSection(SolutionConfigurationPlatforms) = preSolution
		Debug|Any CPU = Debug|Any CPU
		Release|Any CPU = Release|Any CPU
	EndGlobalSection
	GlobalSection(ProjectConfigurationPlatforms) = postSolution
		{492A2FC4-8B86-4A5B-A7A3-4C922CA9A02D}.Debug|Any CPU.ActiveCfg = Debug|Any CPU
		{492A2FC4-8B86-4A5B-A7A3-4C922CA9A02D}.Debug|Any CPU.Build.0 = Debug|Any CPU
		{492A2FC4-8B86-4A5B-A7A3-4C922CA9A02D}.Release|Any CPU.ActiveCfg = Release|Any CPU
		{492A2FC4-8B86-4A5B-A7A3-4C922CA9A02D}.Release|Any CPU.Build.0 = Release|Any CPU
	EndGlobalSection
	GlobalSection(SolutionProperties) = preSolution
		HideSolutionNode = FALSE
	EndGlobalSection
	GlobalSection(ExtensibilityGlobals) = postSolution
		SolutionGuid = {9A425DF5-3D08-4D9C-9AFA-E38381BC48FA}
	EndGlobalSection
EndGlobal
